
Microsoft Visual Studio Solution File, Format Version 12.00
# Visual Studio 15
VisualStudioVersion = 15.0.28307.1169
MinimumVisualStudioVersion = 10.0.40219.1
Project("{FAE04EC0-301F-11D3-BF4B-00C04F79EFBC}") = "LifeGame", "LifeGame\LifeGame.csproj", "{DE1AB30C-E1F3-4FDA-8DF4-984251FA2248}"
EndProject
Global
	GlobalSection(SolutionConfigurationPlatforms) = preSolution
		Debug|Any CPU = Debug|Any CPU
		Release|Any CPU = Release|Any CPU
	EndGlobalSection
	GlobalSection(ProjectConfigurationPlatforms) = postSolution
		{DE1AB30C-E1F3-4FDA-8DF4-984251FA2248}.Debug|Any CPU.ActiveCfg = Debug|Any CPU
		{DE1AB30C-E1F3-4FDA-8DF4-984251FA2248}.Debug|Any CPU.Build.0 = Debug|Any CPU
		{DE1AB30C-E1F3-4FDA-8DF4-984251FA2248}.Release|Any CPU.ActiveCfg = Release|Any CPU
		{DE1AB30C-E1F3-4FDA-8DF4-984251FA2248}.Release|Any CPU.Build.0 = Release|Any CPU
	EndGlobalSection
	GlobalSection(SolutionProperties) = preSolution
		HideSolutionNode = FALSE
	EndGlobalSection
	GlobalSection(ExtensibilityGlobals) = postSolution
		SolutionGuid = {4D3BA228-71A6-4A7B-A677-207F5F6F2ADC}
	EndGlobalSection
EndGlobal
